
Microsoft Visual Studio Solution File, Format Version 12.00
# Visual Studio Version 16
VisualStudioVersion = 16.0.31129.286
MinimumVisualStudioVersion = 10.0.40219.1
Project("{9A19103F-16F7-4668-BE54-9A1E7A4F7556}") = "AttrChanger", "AttrChanger\AttrChanger.csproj", "{63B7E1A7-9955-4B92-BB79-E80FFA918299}"
EndProject
Global
	GlobalSection(SolutionConfigurationPlatforms) = preSolution
		Debug|Any CPU = Debug|Any CPU
		Release|Any CPU = Release|Any CPU
	EndGlobalSection
	GlobalSection(ProjectConfigurationPlatforms) = postSolution
		{63B7E1A7-9955-4B92-BB79-E80FFA918299}.Debug|Any CPU.ActiveCfg = Debug|Any CPU
		{63B7E1A7-9955-4B92-BB79-E80FFA918299}.Debug|Any CPU.Build.0 = Debug|Any CPU
		{63B7E1A7-9955-4B92-BB79-E80FFA918299}.Release|Any CPU.ActiveCfg = Release|Any CPU
		{63B7E1A7-9955-4B92-BB79-E80FFA918299}.Release|Any CPU.Build.0 = Release|Any CPU
	EndGlobalSection
	GlobalSection(SolutionProperties) = preSolution
		HideSolutionNode = FALSE
	EndGlobalSection
	GlobalSection(ExtensibilityGlobals) = postSolution
		SolutionGuid = {ED0A5F48-5970-4770-8333-20DDD94F2342}
	EndGlobalSection
EndGlobal
